{
  "name": "fizfeed-workspace",
  "version": "1.0.0",
  "lockfileVersion": 3,
  "requires": true,
  "packages": {
    "": {
      "name": "fizfeed-workspace",
      "version": "1.0.0",
      "dependencies": {
        "expo-linear-gradient": "^56.0.4"
      }
    },
    "node_modules/expo-linear-gradient": {
      "version": "56.0.4",
      "resolved": "https://registry.npmjs.org/expo-linear-gradient/-/expo-linear-gradient-56.0.4.tgz",
      "integrity": "sha512-KUp1dNSRtuMyiExhf6FJf5YUtmw2cRaPytl10HQi7isj5Yac38udmD55T2tglNYTZlvgT5+oflpyFoH15hmOcw==",
      "license": "MIT",
      "peerDependencies": {
        "expo": "*",
        "react": "*",
        "react-native": "*"
      }
    }
  }
}
